<?xml version="1.0" encoding="utf-8"?>
<Project ToolsVersion="4.0" xmlns="http://schemas.microsoft.com/developer/msbuild/2003">
  <ItemGroup>
    <Filter Include="Source Files">
      <UniqueIdentifier>{4FC737F1-C7A5-4376-A066-2A32D752A2FF}</UniqueIdentifier>
      <Extensions>cpp;c;cc;cxx;c++;cppm;ixx;def;odl;idl;hpj;bat;asm;asmx</Extensions>
    </Filter>
    <Filter Include="Header Files">
      <UniqueIdentifier>{93995380-89BD-4b04-88EB-625FBE52EBFB}</UniqueIdentifier>
      <Extensions>h;hh;hpp;hxx;h++;hm;inl;inc;ipp;xsd</Extensions>
    </Filter>
    <Filter Include="Resource Files">
      <UniqueIdentifier>{67DA6AB6-F800-4c08-8B7A-83BB121AAD01}</UniqueIdentifier>
      <Extensions>rc;ico;cur;bmp;dlg;rc2;rct;bin;rgs;gif;jpg;jpeg;jpe;resx;tiff;tif;png;wav;mfcribbon-ms</Extensions>
    </Filter>
  </ItemGroup>
  <ItemGroup>
    <ClCompile Include="WinProMo.cpp">
      <Filter>Source Files</Filter>
    </ClCompile>
    <ClCompile Include="DiagramEditor\DiagramClipboardHandler.cpp">
      <Filter>Source Files</Filter>
    </ClCompile>
    <ClCompile Include="DiagramEditor\DiagramEditor.cpp">
      <Filter>Source Files</Filter>
    </ClCompile>
    <ClCompile Include="DiagramEditor\DiagramEntity.cpp">
      <Filter>Source Files</Filter>
    </ClCompile>
    <ClCompile Include="DiagramEditor\DiagramEntityContainer.cpp">
      <Filter>Source Files</Filter>
    </ClCompile>
    <ClCompile Include="DiagramEditor\DiagramLine.cpp">
      <Filter>Source Files</Filter>
    </ClCompile>
    <ClCompile Include="DiagramEditor\DiagramMenu.cpp">
      <Filter>Source Files</Filter>
    </ClCompile>
    <ClCompile Include="DiagramEditor\DiagramPropertyDlg.cpp">
      <Filter>Source Files</Filter>
    </ClCompile>
    <ClCompile Include="DiagramEditor\GroupFactory.cpp">
      <Filter>Source Files</Filter>
    </ClCompile>
    <ClCompile Include="DiagramEditor\Tokenizer.cpp">
      <Filter>Source Files</Filter>
    </ClCompile>
    <ClCompile Include="DiagramEditor\UndoItem.cpp">
      <Filter>Source Files</Filter>
    </ClCompile>
    <ClCompile Include="ProMoEditor\ProMoBlockModel.cpp">
      <Filter>Source Files</Filter>
    </ClCompile>
    <ClCompile Include="ProMoEditor\ProMoBlockView.cpp">
      <Filter>Source Files</Filter>
    </ClCompile>
    <ClCompile Include="ProMoEditor\ProMoClipboardHandler.cpp">
      <Filter>Source Files</Filter>
    </ClCompile>
    <ClCompile Include="ProMoEditor\ProMoControlFactory.cpp">
      <Filter>Source Files</Filter>
    </ClCompile>
    <ClCompile Include="ProMoEditor\ProMoEdgeModel.cpp">
      <Filter>Source Files</Filter>
    </ClCompile>
    <ClCompile Include="ProMoEditor\ProMoEdgeView.cpp">
      <Filter>Source Files</Filter>
    </ClCompile>
    <ClCompile Include="ProMoEditor\ProMoEditor.cpp">
      <Filter>Source Files</Filter>
    </ClCompile>
    <ClCompile Include="ProMoEditor\ProMoEntityContainer.cpp">
      <Filter>Source Files</Filter>
    </ClCompile>
    <ClCompile Include="ProMoEditor\ProMoModel.cpp">
      <Filter>Source Files</Filter>
    </ClCompile>
    <ClCompile Include="ProMoEditor\ProMoNameFactory.cpp">
      <Filter>Source Files</Filter>
    </ClCompile>
    <ClCompile Include="StdAfx.cpp">
      <Filter>Source Files</Filter>
    </ClCompile>
    <ClCompile Include="GeometryUtils\GeometryHelper.cpp">
      <Filter>Source Files</Filter>
    </ClCompile>
    <ClCompile Include="GeometryUtils\DoubleRect.cpp">
      <Filter>Source Files</Filter>
    </ClCompile>
    <ClCompile Include="FileUtils\FileParser.cpp">
      <Filter>Source Files</Filter>
    </ClCompile>
    <ClCompile Include="FileUtils\FileSerializer.cpp">
      <Filter>Source Files</Filter>
    </ClCompile>
    <ClCompile Include="GeometryUtils\DoublePoint.cpp">
      <Filter>Source Files</Filter>
    </ClCompile>
    <ClCompile Include="GeometryUtils\IntersectionHelper.cpp">
      <Filter>Source Files</Filter>
    </ClCompile>
    <ClCompile Include="ProMoEditor\ProMoLabel.cpp">
      <Filter>Source Files</Filter>
    </ClCompile>
    <ClCompile Include="ProMoEditor\ProMoProperty.cpp">
      <Filter>Source Files</Filter>
    </ClCompile>
    <ClCompile Include="FileUtils\VariantWrapper.cpp">
      <Filter>Source Files</Filter>
    </ClCompile>
    <ClCompile Include="FileUtils\DibHelper.cpp">
      <Filter>Source Files</Filter>
    </ClCompile>
    <ClCompile Include="ProMoEditor\ProMoRenderer.cpp">
      <Filter>Source Files</Filter>
    </ClCompile>
    <ClCompile Include="Automation\ProMoAppChildAuto.cpp">
      <Filter>Source Files</Filter>
    </ClCompile>
    <ClCompile Include="Automation\ProMoElementAuto.cpp">
      <Filter>Source Files</Filter>
    </ClCompile>
    <ClCompile Include="Automation\ProMoElementsAuto.cpp">
      <Filter>Source Files</Filter>
    </ClCompile>
    <ClCompile Include="Automation\ProMoDiagramAutoAbs.cpp">
      <Filter>Source Files</Filter>
    </ClCompile>
    <ClCompile Include="Automation\ProMoDiagramsAutoAbs.cpp">
      <Filter>Source Files</Filter>
    </ClCompile>
    <ClCompile Include="Automation\ProMoAppAutoAbs.cpp">
      <Filter>Source Files</Filter>
    </ClCompile>
    <ClCompile Include="Automation\ProMoDiagramChildAuto.cpp">
      <Filter>Source Files</Filter>
    </ClCompile>
    <ClCompile Include="FileUtils\SafeArrayWrapper.cpp">
      <Filter>Source Files</Filter>
    </ClCompile>
    <ClCompile Include="Automation\ProMoBlockAuto.cpp">
      <Filter>Source Files</Filter>
    </ClCompile>
    <ClCompile Include="Automation\ProMoBoundaryBlocksAuto.cpp">
      <Filter>Source Files</Filter>
    </ClCompile>
    <ClCompile Include="Automation\ProMoEdgeAuto.cpp">
      <Filter>Source Files</Filter>
    </ClCompile>
    <ClCompile Include="Automation\ProMoEdgeSegmentAuto.cpp">
      <Filter>Source Files</Filter>
    </ClCompile>
    <ClCompile Include="Automation\ProMoEdgeSegmentsAuto.cpp">
      <Filter>Source Files</Filter>
    </ClCompile>
    <ClCompile Include="Automation\ProMoIncomingEdgesAuto.cpp">
      <Filter>Source Files</Filter>
    </ClCompile>
    <ClCompile Include="Automation\ProMoLabelAuto.cpp">
      <Filter>Source Files</Filter>
    </ClCompile>
    <ClCompile Include="Automation\ProMoLabelsAuto.cpp">
      <Filter>Source Files</Filter>
    </ClCompile>
    <ClCompile Include="Automation\ProMoOutgoingEdgesAuto.cpp">
      <Filter>Source Files</Filter>
    </ClCompile>
    <ClCompile Include="Automation\ProMoPropertiesAuto.cpp">
      <Filter>Source Files</Filter>
    </ClCompile>
    <ClCompile Include="Automation\ProMoPropertyAuto.cpp">
      <Filter>Source Files</Filter>
    </ClCompile>
    <ClCompile Include="Automation\ProMoSubBlocksAuto.cpp">
      <Filter>Source Files</Filter>
    </ClCompile>
    <ClCompile Include="Automation\ProMoBlockChildAuto.cpp">
      <Filter>Source Files</Filter>
    </ClCompile>
    <ClCompile Include="Automation\ProMoEdgeChildAuto.cpp">
      <Filter>Source Files</Filter>
    </ClCompile>
    <ClCompile Include="Automation\ProMoElementChildAuto.cpp">
      <Filter>Source Files</Filter>
    </ClCompile>
    <ClCompile Include="WinProMoPluginInterface.cpp">
      <Filter>Source Files</Filter>
    </ClCompile>
    <ClCompile Include="ProMoEditor\ProMoCmdHandler.cpp">
      <Filter>Source Files</Filter>
    </ClCompile>
  </ItemGroup>
  <ItemGroup>
    <None Include="WinProMo.def">
      <Filter>Source Files</Filter>
    </None>
    <None Include="res\WinProMo.rc2">
      <Filter>Resource Files</Filter>
    </None>
  </ItemGroup>
  <ItemGroup>
    <ClInclude Include="Resource.h">
      <Filter>Header Files</Filter>
    </ClInclude>
    <ClInclude Include="DiagramEditor\DiagramClipboardHandler.h">
      <Filter>Header Files</Filter>
    </ClInclude>
    <ClInclude Include="DiagramEditor\DiagramEditor.h">
      <Filter>Header Files</Filter>
    </ClInclude>
    <ClInclude Include="DiagramEditor\DiagramEntity.h">
      <Filter>Header Files</Filter>
    </ClInclude>
    <ClInclude Include="DiagramEditor\DiagramEntityContainer.h">
      <Filter>Header Files</Filter>
    </ClInclude>
    <ClInclude Include="DiagramEditor\DiagramLine.h">
      <Filter>Header Files</Filter>
    </ClInclude>
    <ClInclude Include="DiagramEditor\DiagramMenu.h">
      <Filter>Header Files</Filter>
    </ClInclude>
    <ClInclude Include="DiagramEditor\DiagramPropertyDlg.h">
      <Filter>Header Files</Filter>
    </ClInclude>
    <ClInclude Include="DiagramEditor\GroupFactory.h">
      <Filter>Header Files</Filter>
    </ClInclude>
    <ClInclude Include="DiagramEditor\HitParams.h">
      <Filter>Header Files</Filter>
    </ClInclude>
    <ClInclude Include="DiagramEditor\HitParamsRect.h">
      <Filter>Header Files</Filter>
    </ClInclude>
    <ClInclude Include="DiagramEditor\Tokenizer.h">
      <Filter>Header Files</Filter>
    </ClInclude>
    <ClInclude Include="DiagramEditor\UndoItem.h">
      <Filter>Header Files</Filter>
    </ClInclude>
    <ClInclude Include="ProMoEditor\ProMoBlockModel.h">
      <Filter>Header Files</Filter>
    </ClInclude>
    <ClInclude Include="ProMoEditor\ProMoBlockView.h">
      <Filter>Header Files</Filter>
    </ClInclude>
    <ClInclude Include="ProMoEditor\ProMoClipboardHandler.h">
      <Filter>Header Files</Filter>
    </ClInclude>
    <ClInclude Include="ProMoEditor\ProMoControlFactory.h">
      <Filter>Header Files</Filter>
    </ClInclude>
    <ClInclude Include="ProMoEditor\ProMoEdgeModel.h">
      <Filter>Header Files</Filter>
    </ClInclude>
    <ClInclude Include="ProMoEditor\ProMoEdgeView.h">
      <Filter>Header Files</Filter>
    </ClInclude>
    <ClInclude Include="ProMoEditor\ProMoEditor.h">
      <Filter>Header Files</Filter>
    </ClInclude>
    <ClInclude Include="ProMoEditor\ProMoEntityContainer.h">
      <Filter>Header Files</Filter>
    </ClInclude>
    <ClInclude Include="ProMoEditor\ProMoModel.h">
      <Filter>Header Files</Filter>
    </ClInclude>
    <ClInclude Include="ProMoEditor\ProMoNameFactory.h">
      <Filter>Header Files</Filter>
    </ClInclude>
    <ClInclude Include="StdAfx.h">
      <Filter>Header Files</Filter>
    </ClInclude>
    <ClInclude Include="WinProMoPluginInterface.h">
      <Filter>Header Files</Filter>
    </ClInclude>
    <ClInclude Include="GeometryUtils\GeometryHelper.h">
      <Filter>Header Files</Filter>
    </ClInclude>
    <ClInclude Include="GeometryUtils\DoubleRect.h">
      <Filter>Header Files</Filter>
    </ClInclude>
    <ClInclude Include="FileUtils\FileParser.h">
      <Filter>Header Files</Filter>
    </ClInclude>
    <ClInclude Include="FileUtils\FileSerializer.h">
      <Filter>Header Files</Filter>
    </ClInclude>
    <ClInclude Include="GeometryUtils\DoublePoint.h">
      <Filter>Header Files</Filter>
    </ClInclude>
    <ClInclude Include="GeometryUtils\IntersectionHelper.h">
      <Filter>Header Files</Filter>
    </ClInclude>
    <ClInclude Include="ProMoEditor\ProMoLabel.h">
      <Filter>Header Files</Filter>
    </ClInclude>
    <ClInclude Include="ProMoEditor\ProMoProperty.h">
      <Filter>Header Files</Filter>
    </ClInclude>
    <ClInclude Include="ProMoEditor\ProMoPropertyOwner.h">
      <Filter>Header Files</Filter>
    </ClInclude>
    <ClInclude Include="FileUtils\VariantWrapper.h">
      <Filter>Header Files</Filter>
    </ClInclude>
    <ClInclude Include="ProMoEditor\ProMoEntity.h">
      <Filter>Header Files</Filter>
    </ClInclude>
    <ClInclude Include="ProMoEditor\ProMoView.h">
      <Filter>Header Files</Filter>
    </ClInclude>
    <ClInclude Include="ProMoEditor\ProMoCmdHandler.h">
      <Filter>Header Files</Filter>
    </ClInclude>
    <ClInclude Include="FileUtils\DibHelper.h">
      <Filter>Header Files</Filter>
    </ClInclude>
    <ClInclude Include="ProMoEditor\ProMoRenderer.h">
      <Filter>Header Files</Filter>
    </ClInclude>
    <ClInclude Include="Automation\ProMoAppChildAuto.h">
      <Filter>Header Files</Filter>
    </ClInclude>
    <ClInclude Include="Automation\ProMoAutomationHost.h">
      <Filter>Header Files</Filter>
    </ClInclude>
    <ClInclude Include="Automation\ProMoElementsAuto.h">
      <Filter>Header Files</Filter>
    </ClInclude>
    <ClInclude Include="Automation\ProMoElementAuto.h">
      <Filter>Header Files</Filter>
    </ClInclude>
    <ClInclude Include="Automation\ProMoDiagramAutoAbs.h">
      <Filter>Header Files</Filter>
    </ClInclude>
    <ClInclude Include="Automation\ProMoDiagramsAutoAbs.h">
      <Filter>Header Files</Filter>
    </ClInclude>
    <ClInclude Include="Automation\ProMoAppAutoAbs.h">
      <Filter>Header Files</Filter>
    </ClInclude>
    <ClInclude Include="Automation\ProMoDiagramChildAuto.h">
      <Filter>Header Files</Filter>
    </ClInclude>
    <ClInclude Include="FileUtils\SafeArrayWrapper.h">
      <Filter>Header Files</Filter>
    </ClInclude>
    <ClInclude Include="Automation\ProMoBlockAuto.h">
      <Filter>Header Files</Filter>
    </ClInclude>
    <ClInclude Include="Automation\ProMoBoundaryBlocksAuto.h">
      <Filter>Header Files</Filter>
    </ClInclude>
    <ClInclude Include="Automation\ProMoEdgeAuto.h">
      <Filter>Header Files</Filter>
    </ClInclude>
    <ClInclude Include="Automation\ProMoEdgeSegmentAuto.h">
      <Filter>Header Files</Filter>
    </ClInclude>
    <ClInclude Include="Automation\ProMoEdgeSegmentsAuto.h">
      <Filter>Header Files</Filter>
    </ClInclude>
    <ClInclude Include="Automation\ProMoIncomingEdgesAuto.h">
      <Filter>Header Files</Filter>
    </ClInclude>
    <ClInclude Include="Automation\ProMoLabelAuto.h">
      <Filter>Header Files</Filter>
    </ClInclude>
    <ClInclude Include="Automation\ProMoLabelsAuto.h">
      <Filter>Header Files</Filter>
    </ClInclude>
    <ClInclude Include="Automation\ProMoOutgoingEdgesAuto.h">
      <Filter>Header Files</Filter>
    </ClInclude>
    <ClInclude Include="Automation\ProMoPropertiesAuto.h">
      <Filter>Header Files</Filter>
    </ClInclude>
    <ClInclude Include="Automation\ProMoPropertyAuto.h">
      <Filter>Header Files</Filter>
    </ClInclude>
    <ClInclude Include="Automation\ProMoSubBlocksAuto.h">
      <Filter>Header Files</Filter>
    </ClInclude>
    <ClInclude Include="Automation\ProMoBlockChildAuto.h">
      <Filter>Header Files</Filter>
    </ClInclude>
    <ClInclude Include="Automation\ProMoEdgeChildAuto.h">
      <Filter>Header Files</Filter>
    </ClInclude>
    <ClInclude Include="Automation\ProMoElementChildAuto.h">
      <Filter>Header Files</Filter>
    </ClInclude>
  </ItemGroup>
  <ItemGroup>
    <ResourceCompile Include="WinProMo.rc">
      <Filter>Resource Files</Filter>
    </ResourceCompile>
  </ItemGroup>
  <ItemGroup>
    <Image Include="res\DiagramEditorDemo.ico">
      <Filter>Resource Files</Filter>
    </Image>
  </ItemGroup>
  <ItemGroup>
    <Midl Include="WinProMo.odl">
      <Filter>Source Files</Filter>
    </Midl>
  </ItemGroup>
</Project>